<Solution>
  <Folder Name="/src/">
    <Project Path="src/SmellsLikeTech.Converter.Bridge/SmellsLikeTech.Converter.Bridge.csproj" />
    <Project Path="src/SmellsLikeTech.Converter.Composition/SmellsLikeTech.Converter.Composition.csproj" />
    <Project Path="src/SmellsLikeTech.Converter.Core/SmellsLikeTech.Converter.Core.csproj" />
    <Project Path="src/SmellsLikeTech.Converter.Desktop/SmellsLikeTech.Converter.Desktop.csproj" />
    <Project Path="src/SmellsLikeTech.Converter.Engine.Documents/SmellsLikeTech.Converter.Engine.Documents.csproj" />
    <Project Path="src/SmellsLikeTech.Converter.Engine.FFmpeg/SmellsLikeTech.Converter.Engine.FFmpeg.csproj" />
    <Project Path="src/SmellsLikeTech.Converter.Engine.Image/SmellsLikeTech.Converter.Engine.Image.csproj" />
    <Project Path="src/SmellsLikeTech.Converter.Engine.Speech/SmellsLikeTech.Converter.Engine.Speech.csproj" />
    <Project Path="src/SmellsLikeTech.Converter.Infrastructure/SmellsLikeTech.Converter.Infrastructure.csproj" />
  </Folder>
  <Folder Name="/tests/">
    <Project Path="tests/SmellsLikeTech.Converter.Tests/SmellsLikeTech.Converter.Tests.csproj" />
  </Folder>
</Solution>
